
Microsoft Visual Studio Solution File, Format Version 12.00
# Visual Studio 14
VisualStudioVersion = 14.0.25420.1
MinimumVisualStudioVersion = 10.0.40219.1
Project("{FAE04EC0-301F-11D3-BF4B-00C04F79EFBC}") = "XmlExample", "XmlExample\XmlExample.csproj", "{D13B4DBC-CD71-44BD-BEA6-746684857784}"
EndProject
Project("{2150E333-8FDC-42A3-9474-1A3956D46DE8}") = "Files", "Files", "{88A61A5D-F071-4CC1-9C07-FFCC6191101B}"
	ProjectSection(SolutionItems) = preProject
		Files\NonWorkingLeftExpressionParser.cs = Files\NonWorkingLeftExpressionParser.cs
	EndProjectSection
EndProject
Project("{FAE04EC0-301F-11D3-BF4B-00C04F79EFBC}") = "TinyTemplates", "TinyTemplates\TinyTemplates.csproj", "{05708A1B-EABC-45BA-A6A1-58AF51B7A2B0}"
EndProject
Project("{FAE04EC0-301F-11D3-BF4B-00C04F79EFBC}") = "TinyTemplates.Tests", "TinyTemplates.Tests\TinyTemplates.Tests.csproj", "{4BFA4889-0FA0-4EAE-84FA-E95924A18ABD}"
EndProject
Project("{2150E333-8FDC-42A3-9474-1A3956D46DE8}") = "SolutionItems", "SolutionItems", "{4E6BF671-AEB9-430E-872A-89F01C6E49A7}"
	ProjectSection(SolutionItems) = preProject
		..\Package\Sprache.nuspec = ..\Package\Sprache.nuspec
		..\Build\Sprache.proj = ..\Build\Sprache.proj
		Version.cs = Version.cs
	EndProjectSection
EndProject
Project("{8BB2217D-0F2D-49D1-97BC-3654ED321F3B}") = "Sprache", "Sprache\Sprache.xproj", "{2FA2086F-BCD4-4CF8-B171-D9F90264A53B}"
EndProject
Project("{8BB2217D-0F2D-49D1-97BC-3654ED321F3B}") = "LinqyCalculator", "LinqyCalculator\LinqyCalculator.xproj", "{10A9990A-32EC-453B-8806-07F1602E2411}"
EndProject
Project("{8BB2217D-0F2D-49D1-97BC-3654ED321F3B}") = "Sprache.Tests", "Sprache.Tests\Sprache.Tests.xproj", "{5C7E8C96-F571-4BA2-B24A-53E465CA4282}"
EndProject
Global
	GlobalSection(SolutionConfigurationPlatforms) = preSolution
		Debug|Any CPU = Debug|Any CPU
		Debug|Mixed Platforms = Debug|Mixed Platforms
		Debug|x86 = Debug|x86
		Release|Any CPU = Release|Any CPU
		Release|Mixed Platforms = Release|Mixed Platforms
		Release|x86 = Release|x86
	EndGlobalSection
	GlobalSection(ProjectConfigurationPlatforms) = postSolution
		{D13B4DBC-CD71-44BD-BEA6-746684857784}.Debug|Any CPU.ActiveCfg = Debug|Any CPU
		{D13B4DBC-CD71-44BD-BEA6-746684857784}.Debug|Any CPU.Build.0 = Debug|Any CPU
		{D13B4DBC-CD71-44BD-BEA6-746684857784}.Debug|Mixed Platforms.ActiveCfg = Debug|Any CPU
		{D13B4DBC-CD71-44BD-BEA6-746684857784}.Debug|Mixed Platforms.Build.0 = Debug|Any CPU
		{D13B4DBC-CD71-44BD-BEA6-746684857784}.Debug|x86.ActiveCfg = Debug|Any CPU
		{D13B4DBC-CD71-44BD-BEA6-746684857784}.Release|Any CPU.ActiveCfg = Release|Any CPU
		{D13B4DBC-CD71-44BD-BEA6-746684857784}.Release|Any CPU.Build.0 = Release|Any CPU
		{D13B4DBC-CD71-44BD-BEA6-746684857784}.Release|Mixed Platforms.ActiveCfg = Release|Any CPU
		{D13B4DBC-CD71-44BD-BEA6-746684857784}.Release|Mixed Platforms.Build.0 = Release|Any CPU
		{D13B4DBC-CD71-44BD-BEA6-746684857784}.Release|x86.ActiveCfg = Release|x86
		{D13B4DBC-CD71-44BD-BEA6-746684857784}.Release|x86.Build.0 = Release|x86
		{05708A1B-EABC-45BA-A6A1-58AF51B7A2B0}.Debug|Any CPU.ActiveCfg = Debug|x86
		{05708A1B-EABC-45BA-A6A1-58AF51B7A2B0}.Debug|Mixed Platforms.ActiveCfg = Debug|x86
		{05708A1B-EABC-45BA-A6A1-58AF51B7A2B0}.Debug|Mixed Platforms.Build.0 = Debug|x86
		{05708A1B-EABC-45BA-A6A1-58AF51B7A2B0}.Debug|x86.ActiveCfg = Debug|x86
		{05708A1B-EABC-45BA-A6A1-58AF51B7A2B0}.Debug|x86.Build.0 = Debug|x86
		{05708A1B-EABC-45BA-A6A1-58AF51B7A2B0}.Release|Any CPU.ActiveCfg = Release|Any CPU
		{05708A1B-EABC-45BA-A6A1-58AF51B7A2B0}.Release|Any CPU.Build.0 = Release|Any CPU
		{05708A1B-EABC-45BA-A6A1-58AF51B7A2B0}.Release|Mixed Platforms.ActiveCfg = Release|Any CPU
		{05708A1B-EABC-45BA-A6A1-58AF51B7A2B0}.Release|Mixed Platforms.Build.0 = Release|Any CPU
		{05708A1B-EABC-45BA-A6A1-58AF51B7A2B0}.Release|x86.ActiveCfg = Release|x86
		{05708A1B-EABC-45BA-A6A1-58AF51B7A2B0}.Release|x86.Build.0 = Release|x86
		{4BFA4889-0FA0-4EAE-84FA-E95924A18ABD}.Debug|Any CPU.ActiveCfg = Debug|Any CPU
		{4BFA4889-0FA0-4EAE-84FA-E95924A18ABD}.Debug|Any CPU.Build.0 = Debug|Any CPU
		{4BFA4889-0FA0-4EAE-84FA-E95924A18ABD}.Debug|Mixed Platforms.ActiveCfg = Debug|Any CPU
		{4BFA4889-0FA0-4EAE-84FA-E95924A18ABD}.Debug|Mixed Platforms.Build.0 = Debug|Any CPU
		{4BFA4889-0FA0-4EAE-84FA-E95924A18ABD}.Debug|x86.ActiveCfg = Debug|Any CPU
		{4BFA4889-0FA0-4EAE-84FA-E95924A18ABD}.Release|Any CPU.ActiveCfg = Release|Any CPU
		{4BFA4889-0FA0-4EAE-84FA-E95924A18ABD}.Release|Any CPU.Build.0 = Release|Any CPU
		{4BFA4889-0FA0-4EAE-84FA-E95924A18ABD}.Release|Mixed Platforms.ActiveCfg = Release|Any CPU
		{4BFA4889-0FA0-4EAE-84FA-E95924A18ABD}.Release|Mixed Platforms.Build.0 = Release|Any CPU
		{4BFA4889-0FA0-4EAE-84FA-E95924A18ABD}.Release|x86.ActiveCfg = Release|x86
		{4BFA4889-0FA0-4EAE-84FA-E95924A18ABD}.Release|x86.Build.0 = Release|x86
		{2FA2086F-BCD4-4CF8-B171-D9F90264A53B}.Debug|Any CPU.ActiveCfg = Debug|Any CPU
		{2FA2086F-BCD4-4CF8-B171-D9F90264A53B}.Debug|Any CPU.Build.0 = Debug|Any CPU
		{2FA2086F-BCD4-4CF8-B171-D9F90264A53B}.Debug|Mixed Platforms.ActiveCfg = Debug|Any CPU
		{2FA2086F-BCD4-4CF8-B171-D9F90264A53B}.Debug|Mixed Platforms.Build.0 = Debug|Any CPU
		{2FA2086F-BCD4-4CF8-B171-D9F90264A53B}.Debug|x86.ActiveCfg = Debug|Any CPU
		{2FA2086F-BCD4-4CF8-B171-D9F90264A53B}.Debug|x86.Build.0 = Debug|Any CPU
		{2FA2086F-BCD4-4CF8-B171-D9F90264A53B}.Release|Any CPU.ActiveCfg = Release|Any CPU
		{2FA2086F-BCD4-4CF8-B171-D9F90264A53B}.Release|Any CPU.Build.0 = Release|Any CPU
		{2FA2086F-BCD4-4CF8-B171-D9F90264A53B}.Release|Mixed Platforms.ActiveCfg = Release|Any CPU
		{2FA2086F-BCD4-4CF8-B171-D9F90264A53B}.Release|Mixed Platforms.Build.0 = Release|Any CPU
		{2FA2086F-BCD4-4CF8-B171-D9F90264A53B}.Release|x86.ActiveCfg = Release|Any CPU
		{2FA2086F-BCD4-4CF8-B171-D9F90264A53B}.Release|x86.Build.0 = Release|Any CPU
		{10A9990A-32EC-453B-8806-07F1602E2411}.Debug|Any CPU.ActiveCfg = Debug|Any CPU
		{10A9990A-32EC-453B-8806-07F1602E2411}.Debug|Any CPU.Build.0 = Debug|Any CPU
		{10A9990A-32EC-453B-8806-07F1602E2411}.Debug|Mixed Platforms.ActiveCfg = Debug|Any CPU
		{10A9990A-32EC-453B-8806-07F1602E2411}.Debug|Mixed Platforms.Build.0 = Debug|Any CPU
		{10A9990A-32EC-453B-8806-07F1602E2411}.Debug|x86.ActiveCfg = Debug|Any CPU
		{10A9990A-32EC-453B-8806-07F1602E2411}.Debug|x86.Build.0 = Debug|Any CPU
		{10A9990A-32EC-453B-8806-07F1602E2411}.Release|Any CPU.ActiveCfg = Release|Any CPU
		{10A9990A-32EC-453B-8806-07F1602E2411}.Release|Any CPU.Build.0 = Release|Any CPU
		{10A9990A-32EC-453B-8806-07F1602E2411}.Release|Mixed Platforms.ActiveCfg = Release|Any CPU
		{10A9990A-32EC-453B-8806-07F1602E2411}.Release|Mixed Platforms.Build.0 = Release|Any CPU
		{10A9990A-32EC-453B-8806-07F1602E2411}.Release|x86.ActiveCfg = Release|Any CPU
		{10A9990A-32EC-453B-8806-07F1602E2411}.Release|x86.Build.0 = Release|Any CPU
		{5C7E8C96-F571-4BA2-B24A-53E465CA4282}.Debug|Any CPU.ActiveCfg = Debug|Any CPU
		{5C7E8C96-F571-4BA2-B24A-53E465CA4282}.Debug|Any CPU.Build.0 = Debug|Any CPU
		{5C7E8C96-F571-4BA2-B24A-53E465CA4282}.Debug|Mixed Platforms.ActiveCfg = Debug|Any CPU
		{5C7E8C96-F571-4BA2-B24A-53E465CA4282}.Debug|Mixed Platforms.Build.0 = Debug|Any CPU
		{5C7E8C96-F571-4BA2-B24A-53E465CA4282}.Debug|x86.ActiveCfg = Debug|Any CPU
		{5C7E8C96-F571-4BA2-B24A-53E465CA4282}.Debug|x86.Build.0 = Debug|Any CPU
		{5C7E8C96-F571-4BA2-B24A-53E465CA4282}.Release|Any CPU.ActiveCfg = Release|Any CPU
		{5C7E8C96-F571-4BA2-B24A-53E465CA4282}.Release|Any CPU.Build.0 = Release|Any CPU
		{5C7E8C96-F571-4BA2-B24A-53E465CA4282}.Release|Mixed Platforms.ActiveCfg = Release|Any CPU
		{5C7E8C96-F571-4BA2-B24A-53E465CA4282}.Release|Mixed Platforms.Build.0 = Release|Any CPU
		{5C7E8C96-F571-4BA2-B24A-53E465CA4282}.Release|x86.ActiveCfg = Release|Any CPU
		{5C7E8C96-F571-4BA2-B24A-53E465CA4282}.Release|x86.Build.0 = Release|Any CPU
	EndGlobalSection
	GlobalSection(SolutionProperties) = preSolution
		HideSolutionNode = FALSE
	EndGlobalSection
EndGlobal
